
Microsoft Visual Studio Solution File, Format Version 12.00
# Visual Studio Version 16
VisualStudioVersion = 16.0.29424.173
MinimumVisualStudioVersion = 10.0.40219.1
Project("{2150E333-8FDC-42A3-9474-1A3956D46DE8}") = "0 - Presentation", "0 - Presentation", "{7C8444C3-B2DB-4DEF-A459-89813736AA45}"
EndProject
Project("{2150E333-8FDC-42A3-9474-1A3956D46DE8}") = "1 - Domain", "1 - Domain", "{990B0962-2202-4EA2-A410-DCA570C8C084}"
EndProject
Project("{2150E333-8FDC-42A3-9474-1A3956D46DE8}") = "2 - Infra", "2 - Infra", "{D56FCDED-3C63-46E2-BE55-61C361B4FB49}"
EndProject
Project("{2150E333-8FDC-42A3-9474-1A3956D46DE8}") = "2.1 - Data", "2.1 - Data", "{C6832CA1-F08D-43A4-A224-73A39ACFD25D}"
EndProject
Project("{2150E333-8FDC-42A3-9474-1A3956D46DE8}") = "2.2 - CrossCutting", "2.2 - CrossCutting", "{594B1FB9-DB6E-4BBC-ABBC-D8D2D92808D0}"
EndProject
Project("{9A19103F-16F7-4668-BE54-9A1E7A4F7556}") = "MySubs.Domain", "MySubs.Domain\MySubs.Domain.csproj", "{4968C083-284E-455D-8F05-512547BF4A80}"
EndProject
Project("{9A19103F-16F7-4668-BE54-9A1E7A4F7556}") = "API", "API\API.csproj", "{4B97379A-A62A-41EA-B7A2-FFDA6B9889BC}"
EndProject
Project("{FAE04EC0-301F-11D3-BF4B-00C04F79EFBC}") = "MySubs.Domain.Entities", "MySubs.Domain.Entities\MySubs.Domain.Entities.csproj", "{27919B14-8D83-4E1F-8F33-0984DCAF3011}"
EndProject
Project("{FAE04EC0-301F-11D3-BF4B-00C04F79EFBC}") = "MySubs.Infra.Enviroment", "MySubs.Infra.Enviroment\MySubs.Infra.Enviroment.csproj", "{1A09FD98-4F64-4140-8869-D8FB015A45CC}"
EndProject
Project("{FAE04EC0-301F-11D3-BF4B-00C04F79EFBC}") = "MySubs.Infra.CrossCutting", "MySubs.Infra.CrossCutting\MySubs.Infra.CrossCutting.csproj", "{D9A3CD02-83EB-49AC-AC20-A64B1F8B9474}"
EndProject
Project("{FAE04EC0-301F-11D3-BF4B-00C04F79EFBC}") = "MySubs.Infra.Data", "MySubs.Infra.Data\MySubs.Infra.Data.csproj", "{F18ECD7B-8260-43E4-869D-672E343620F3}"
EndProject
Global
	GlobalSection(SolutionConfigurationPlatforms) = preSolution
		Debug|Any CPU = Debug|Any CPU
		Release|Any CPU = Release|Any CPU
	EndGlobalSection
	GlobalSection(ProjectConfigurationPlatforms) = postSolution
		{4968C083-284E-455D-8F05-512547BF4A80}.Debug|Any CPU.ActiveCfg = Debug|Any CPU
		{4968C083-284E-455D-8F05-512547BF4A80}.Debug|Any CPU.Build.0 = Debug|Any CPU
		{4968C083-284E-455D-8F05-512547BF4A80}.Release|Any CPU.ActiveCfg = Release|Any CPU
		{4968C083-284E-455D-8F05-512547BF4A80}.Release|Any CPU.Build.0 = Release|Any CPU
		{4B97379A-A62A-41EA-B7A2-FFDA6B9889BC}.Debug|Any CPU.ActiveCfg = Debug|Any CPU
		{4B97379A-A62A-41EA-B7A2-FFDA6B9889BC}.Debug|Any CPU.Build.0 = Debug|Any CPU
		{4B97379A-A62A-41EA-B7A2-FFDA6B9889BC}.Release|Any CPU.ActiveCfg = Release|Any CPU
		{4B97379A-A62A-41EA-B7A2-FFDA6B9889BC}.Release|Any CPU.Build.0 = Release|Any CPU
		{27919B14-8D83-4E1F-8F33-0984DCAF3011}.Debug|Any CPU.ActiveCfg = Debug|Any CPU
		{27919B14-8D83-4E1F-8F33-0984DCAF3011}.Debug|Any CPU.Build.0 = Debug|Any CPU
		{27919B14-8D83-4E1F-8F33-0984DCAF3011}.Release|Any CPU.ActiveCfg = Release|Any CPU
		{27919B14-8D83-4E1F-8F33-0984DCAF3011}.Release|Any CPU.Build.0 = Release|Any CPU
		{1A09FD98-4F64-4140-8869-D8FB015A45CC}.Debug|Any CPU.ActiveCfg = Debug|Any CPU
		{1A09FD98-4F64-4140-8869-D8FB015A45CC}.Debug|Any CPU.Build.0 = Debug|Any CPU
		{1A09FD98-4F64-4140-8869-D8FB015A45CC}.Release|Any CPU.ActiveCfg = Release|Any CPU
		{1A09FD98-4F64-4140-8869-D8FB015A45CC}.Release|Any CPU.Build.0 = Release|Any CPU
		{D9A3CD02-83EB-49AC-AC20-A64B1F8B9474}.Debug|Any CPU.ActiveCfg = Debug|Any CPU
		{D9A3CD02-83EB-49AC-AC20-A64B1F8B9474}.Debug|Any CPU.Build.0 = Debug|Any CPU
		{D9A3CD02-83EB-49AC-AC20-A64B1F8B9474}.Release|Any CPU.ActiveCfg = Release|Any CPU
		{D9A3CD02-83EB-49AC-AC20-A64B1F8B9474}.Release|Any CPU.Build.0 = Release|Any CPU
		{F18ECD7B-8260-43E4-869D-672E343620F3}.Debug|Any CPU.ActiveCfg = Debug|Any CPU
		{F18ECD7B-8260-43E4-869D-672E343620F3}.Debug|Any CPU.Build.0 = Debug|Any CPU
		{F18ECD7B-8260-43E4-869D-672E343620F3}.Release|Any CPU.ActiveCfg = Release|Any CPU
		{F18ECD7B-8260-43E4-869D-672E343620F3}.Release|Any CPU.Build.0 = Release|Any CPU
	EndGlobalSection
	GlobalSection(SolutionProperties) = preSolution
		HideSolutionNode = FALSE
	EndGlobalSection
	GlobalSection(NestedProjects) = preSolution
		{C6832CA1-F08D-43A4-A224-73A39ACFD25D} = {D56FCDED-3C63-46E2-BE55-61C361B4FB49}
		{594B1FB9-DB6E-4BBC-ABBC-D8D2D92808D0} = {D56FCDED-3C63-46E2-BE55-61C361B4FB49}
		{4968C083-284E-455D-8F05-512547BF4A80} = {990B0962-2202-4EA2-A410-DCA570C8C084}
		{4B97379A-A62A-41EA-B7A2-FFDA6B9889BC} = {7C8444C3-B2DB-4DEF-A459-89813736AA45}
		{27919B14-8D83-4E1F-8F33-0984DCAF3011} = {990B0962-2202-4EA2-A410-DCA570C8C084}
		{1A09FD98-4F64-4140-8869-D8FB015A45CC} = {594B1FB9-DB6E-4BBC-ABBC-D8D2D92808D0}
		{D9A3CD02-83EB-49AC-AC20-A64B1F8B9474} = {594B1FB9-DB6E-4BBC-ABBC-D8D2D92808D0}
		{F18ECD7B-8260-43E4-869D-672E343620F3} = {C6832CA1-F08D-43A4-A224-73A39ACFD25D}
	EndGlobalSection
	GlobalSection(ExtensibilityGlobals) = postSolution
		SolutionGuid = {3B42369F-C6A6-431E-A3AE-1BE57976238F}
	EndGlobalSection
EndGlobal
